
Microsoft Visual Studio Solution File, Format Version 12.00
# Visual Studio Version 17
VisualStudioVersion = 17.8.34330.188
MinimumVisualStudioVersion = 10.0.40219.1
Project("{2150E333-8FDC-42A3-9474-1A3956D46DE8}") = "1._AspNetCoreMvc", "1._AspNetCoreMvc", "{CAE09CE2-6869-4418-8423-E77793954994}"
EndProject
Project("{2150E333-8FDC-42A3-9474-1A3956D46DE8}") = "0._Core", "0._Core", "{D9CFCF0F-3403-48DE-82FE-120FD0134021}"
EndProject
Project("{2150E333-8FDC-42A3-9474-1A3956D46DE8}") = "1.1_Basic", "1.1_Basic", "{2F394661-DF69-499D-BAEA-A7D4B682DF30}"
EndProject
Project("{2150E333-8FDC-42A3-9474-1A3956D46DE8}") = "1.2_DataPassingTechniques", "1.2_DataPassingTechniques", "{990D2A38-F642-42AE-81A5-F18AD4091634}"
EndProject
Project("{2150E333-8FDC-42A3-9474-1A3956D46DE8}") = "1.3_Routing", "1.3_Routing", "{13E258F1-1049-47DE-8430-ADC278D1064E}"
EndProject
Project("{2150E333-8FDC-42A3-9474-1A3956D46DE8}") = "1.4_Views", "1.4_Views", "{2E7B93A4-3E12-45D4-8B91-87E12E2727B5}"
EndProject
Project("{9A19103F-16F7-4668-BE54-9A1E7A4F7556}") = "Education", "0._Core\Education\Education.csproj", "{102928CF-0CCA-43DE-BB15-507845D5658A}"
EndProject
Project("{FAE04EC0-301F-11D3-BF4B-00C04F79EFBC}") = "Education48", "0._Core\Education48\Education48.csproj", "{4149FCB5-56DE-4FA2-849B-EDE16CCA05F8}"
EndProject
Project("{9A19103F-16F7-4668-BE54-9A1E7A4F7556}") = "EntityFrameworkCoreEducation", "0._Core\EntityFrameworkCoreEducation\EntityFrameworkCoreEducation.csproj", "{EA9820A0-14E5-4A39-A9F9-E6D5F6D33E60}"
EndProject
Project("{2150E333-8FDC-42A3-9474-1A3956D46DE8}") = "1.5_ActionResults", "1.5_ActionResults", "{82F24CA9-DC86-4A5C-BDF7-1B2468259008}"
EndProject
Project("{2150E333-8FDC-42A3-9474-1A3956D46DE8}") = "Solution Items", "Solution Items", "{40E064EB-0181-4138-B694-C51A2E2A095F}"
	ProjectSection(SolutionItems) = preProject
		.gitignore = .gitignore
	EndProjectSection
EndProject
Project("{9A19103F-16F7-4668-BE54-9A1E7A4F7556}") = "1._ViewData_ViewBag_StronglyTyped", "1._AspNetCoreMvc\1.2_DataPassingTechiques\1._ViewData_ViewBag_StronglyTyped\1._ViewData_ViewBag_StronglyTyped.csproj", "{4E2A6F54-148C-4F37-A07F-5AFF70EDDBE6}"
EndProject
Project("{9A19103F-16F7-4668-BE54-9A1E7A4F7556}") = "2._TempData", "1._AspNetCoreMvc\1.2_DataPassingTechiques\2._TempData\2._TempData.csproj", "{165F9042-2C48-48D8-9497-943BF4A5C2A5}"
EndProject
Project("{9A19103F-16F7-4668-BE54-9A1E7A4F7556}") = "3._PRG_Pattern", "1._AspNetCoreMvc\1.2_DataPassingTechiques\3._PRG_Pattern\3._PRG_Pattern.csproj", "{8D17D5AA-2F85-4A5D-ADC4-65186869B1D8}"
EndProject
Project("{9A19103F-16F7-4668-BE54-9A1E7A4F7556}") = "C._AspNetCoreMvc_ModelViewController", "1._AspNetCoreMvc\1.1_Basic\C._AspNetCoreMvc_ModelViewController\C._AspNetCoreMvc_ModelViewController.csproj", "{FD9F80CB-D661-4AAA-9357-1FFA8AF2DC32}"
EndProject
Project("{9A19103F-16F7-4668-BE54-9A1E7A4F7556}") = "D._AspNetCoreMvc_DI_LifeTime", "1._AspNetCoreMvc\1.1_Basic\D._AspNetCoreMvc_LifeTime\D._AspNetCoreMvc_DI_LifeTime.csproj", "{C81D0C92-3485-44A5-91D7-46B5E037BDA8}"
EndProject
Project("{9A19103F-16F7-4668-BE54-9A1E7A4F7556}") = "1._Default", "1._AspNetCoreMvc\1.3_Routing\1._Default\1._Default.csproj", "{BE029E12-2DCD-4277-9A81-9BD7E5563B49}"
EndProject
Project("{9A19103F-16F7-4668-BE54-9A1E7A4F7556}") = "2._CustomRouteConstraints", "1._AspNetCoreMvc\1.3_Routing\2._CustomRouteConstraints\2._CustomRouteConstraints.csproj", "{13CF4A1B-9318-425A-BF67-4D677F67E2C2}"
EndProject
Project("{9A19103F-16F7-4668-BE54-9A1E7A4F7556}") = "3._Attribute", "1._AspNetCoreMvc\1.3_Routing\3._Attribute\3._Attribute.csproj", "{9F483E88-E05D-4C8B-B982-3481644E42A1}"
EndProject
Project("{9A19103F-16F7-4668-BE54-9A1E7A4F7556}") = "1._LayoutView_Section", "1._AspNetCoreMvc\1.4_Views\1._LayoutView_Section\1._LayoutView_Section.csproj", "{168F5D5C-137D-4245-9B15-1973634F5E9E}"
EndProject
Project("{9A19103F-16F7-4668-BE54-9A1E7A4F7556}") = "2._ViewStart", "1._AspNetCoreMvc\1.4_Views\2._ViewStart\2._ViewStart.csproj", "{02583CFF-5586-4E59-9DAB-EFF9E705FC81}"
EndProject
Project("{9A19103F-16F7-4668-BE54-9A1E7A4F7556}") = "3._ViewImport", "1._AspNetCoreMvc\1.4_Views\3._ViewImport\3._ViewImport.csproj", "{85B0A7EA-3857-4EEE-9101-B332A104425B}"
EndProject
Project("{9A19103F-16F7-4668-BE54-9A1E7A4F7556}") = "4._PartialViews", "1._AspNetCoreMvc\1.4_Views\4._PartialViews\4._PartialViews.csproj", "{02A69900-D2FA-473F-8D8C-2ABD77764A62}"
EndProject
Project("{9A19103F-16F7-4668-BE54-9A1E7A4F7556}") = "5._ViewComponent", "1._AspNetCoreMvc\1.4_Views\5._ViewComponent\5._ViewComponent.csproj", "{A65AC6F4-9877-498E-9063-3EFEEF1ACB89}"
EndProject
Project("{9A19103F-16F7-4668-BE54-9A1E7A4F7556}") = "6._RazorSyntax", "1._AspNetCoreMvc\1.4_Views\6._RazorSyntax\6._RazorSyntax.csproj", "{9665D5D9-16CC-489C-8A8D-353EECECCEAC}"
EndProject
Project("{9A19103F-16F7-4668-BE54-9A1E7A4F7556}") = "A._AspNetCoreEmpty", "1._AspNetCoreMvc\1.1_Basic\A._AspNetCoreEmpty\A._AspNetCoreEmpty.csproj", "{A21EFFE3-F4DC-49AA-9912-6A724C79015A}"
EndProject
Project("{9A19103F-16F7-4668-BE54-9A1E7A4F7556}") = "B._AspNetCoreMvc", "1._AspNetCoreMvc\1.1_Basic\B._AspNetCoreMvc\B._AspNetCoreMvc.csproj", "{3CCBE254-00DC-4EFC-B7A2-83BF6F9B1ACD}"
EndProject
Global
	GlobalSection(SolutionConfigurationPlatforms) = preSolution
		Debug|Any CPU = Debug|Any CPU
		Release|Any CPU = Release|Any CPU
	EndGlobalSection
	GlobalSection(ProjectConfigurationPlatforms) = postSolution
		{102928CF-0CCA-43DE-BB15-507845D5658A}.Debug|Any CPU.ActiveCfg = Debug|Any CPU
		{102928CF-0CCA-43DE-BB15-507845D5658A}.Debug|Any CPU.Build.0 = Debug|Any CPU
		{102928CF-0CCA-43DE-BB15-507845D5658A}.Release|Any CPU.ActiveCfg = Release|Any CPU
		{102928CF-0CCA-43DE-BB15-507845D5658A}.Release|Any CPU.Build.0 = Release|Any CPU
		{4149FCB5-56DE-4FA2-849B-EDE16CCA05F8}.Debug|Any CPU.ActiveCfg = Debug|Any CPU
		{4149FCB5-56DE-4FA2-849B-EDE16CCA05F8}.Debug|Any CPU.Build.0 = Debug|Any CPU
		{4149FCB5-56DE-4FA2-849B-EDE16CCA05F8}.Release|Any CPU.ActiveCfg = Release|Any CPU
		{4149FCB5-56DE-4FA2-849B-EDE16CCA05F8}.Release|Any CPU.Build.0 = Release|Any CPU
		{EA9820A0-14E5-4A39-A9F9-E6D5F6D33E60}.Debug|Any CPU.ActiveCfg = Debug|Any CPU
		{EA9820A0-14E5-4A39-A9F9-E6D5F6D33E60}.Debug|Any CPU.Build.0 = Debug|Any CPU
		{EA9820A0-14E5-4A39-A9F9-E6D5F6D33E60}.Release|Any CPU.ActiveCfg = Release|Any CPU
		{EA9820A0-14E5-4A39-A9F9-E6D5F6D33E60}.Release|Any CPU.Build.0 = Release|Any CPU
		{4E2A6F54-148C-4F37-A07F-5AFF70EDDBE6}.Debug|Any CPU.ActiveCfg = Debug|Any CPU
		{4E2A6F54-148C-4F37-A07F-5AFF70EDDBE6}.Debug|Any CPU.Build.0 = Debug|Any CPU
		{4E2A6F54-148C-4F37-A07F-5AFF70EDDBE6}.Release|Any CPU.ActiveCfg = Release|Any CPU
		{4E2A6F54-148C-4F37-A07F-5AFF70EDDBE6}.Release|Any CPU.Build.0 = Release|Any CPU
		{165F9042-2C48-48D8-9497-943BF4A5C2A5}.Debug|Any CPU.ActiveCfg = Debug|Any CPU
		{165F9042-2C48-48D8-9497-943BF4A5C2A5}.Debug|Any CPU.Build.0 = Debug|Any CPU
		{165F9042-2C48-48D8-9497-943BF4A5C2A5}.Release|Any CPU.ActiveCfg = Release|Any CPU
		{165F9042-2C48-48D8-9497-943BF4A5C2A5}.Release|Any CPU.Build.0 = Release|Any CPU
		{8D17D5AA-2F85-4A5D-ADC4-65186869B1D8}.Debug|Any CPU.ActiveCfg = Debug|Any CPU
		{8D17D5AA-2F85-4A5D-ADC4-65186869B1D8}.Debug|Any CPU.Build.0 = Debug|Any CPU
		{8D17D5AA-2F85-4A5D-ADC4-65186869B1D8}.Release|Any CPU.ActiveCfg = Release|Any CPU
		{8D17D5AA-2F85-4A5D-ADC4-65186869B1D8}.Release|Any CPU.Build.0 = Release|Any CPU
		{FD9F80CB-D661-4AAA-9357-1FFA8AF2DC32}.Debug|Any CPU.ActiveCfg = Debug|Any CPU
		{FD9F80CB-D661-4AAA-9357-1FFA8AF2DC32}.Debug|Any CPU.Build.0 = Debug|Any CPU
		{FD9F80CB-D661-4AAA-9357-1FFA8AF2DC32}.Release|Any CPU.ActiveCfg = Release|Any CPU
		{FD9F80CB-D661-4AAA-9357-1FFA8AF2DC32}.Release|Any CPU.Build.0 = Release|Any CPU
		{C81D0C92-3485-44A5-91D7-46B5E037BDA8}.Debug|Any CPU.ActiveCfg = Debug|Any CPU
		{C81D0C92-3485-44A5-91D7-46B5E037BDA8}.Debug|Any CPU.Build.0 = Debug|Any CPU
		{C81D0C92-3485-44A5-91D7-46B5E037BDA8}.Release|Any CPU.ActiveCfg = Release|Any CPU
		{C81D0C92-3485-44A5-91D7-46B5E037BDA8}.Release|Any CPU.Build.0 = Release|Any CPU
		{BE029E12-2DCD-4277-9A81-9BD7E5563B49}.Debug|Any CPU.ActiveCfg = Debug|Any CPU
		{BE029E12-2DCD-4277-9A81-9BD7E5563B49}.Debug|Any CPU.Build.0 = Debug|Any CPU
		{BE029E12-2DCD-4277-9A81-9BD7E5563B49}.Release|Any CPU.ActiveCfg = Release|Any CPU
		{BE029E12-2DCD-4277-9A81-9BD7E5563B49}.Release|Any CPU.Build.0 = Release|Any CPU
		{13CF4A1B-9318-425A-BF67-4D677F67E2C2}.Debug|Any CPU.ActiveCfg = Debug|Any CPU
		{13CF4A1B-9318-425A-BF67-4D677F67E2C2}.Debug|Any CPU.Build.0 = Debug|Any CPU
		{13CF4A1B-9318-425A-BF67-4D677F67E2C2}.Release|Any CPU.ActiveCfg = Release|Any CPU
		{13CF4A1B-9318-425A-BF67-4D677F67E2C2}.Release|Any CPU.Build.0 = Release|Any CPU
		{9F483E88-E05D-4C8B-B982-3481644E42A1}.Debug|Any CPU.ActiveCfg = Debug|Any CPU
		{9F483E88-E05D-4C8B-B982-3481644E42A1}.Debug|Any CPU.Build.0 = Debug|Any CPU
		{9F483E88-E05D-4C8B-B982-3481644E42A1}.Release|Any CPU.ActiveCfg = Release|Any CPU
		{9F483E88-E05D-4C8B-B982-3481644E42A1}.Release|Any CPU.Build.0 = Release|Any CPU
		{168F5D5C-137D-4245-9B15-1973634F5E9E}.Debug|Any CPU.ActiveCfg = Debug|Any CPU
		{168F5D5C-137D-4245-9B15-1973634F5E9E}.Debug|Any CPU.Build.0 = Debug|Any CPU
		{168F5D5C-137D-4245-9B15-1973634F5E9E}.Release|Any CPU.ActiveCfg = Release|Any CPU
		{168F5D5C-137D-4245-9B15-1973634F5E9E}.Release|Any CPU.Build.0 = Release|Any CPU
		{02583CFF-5586-4E59-9DAB-EFF9E705FC81}.Debug|Any CPU.ActiveCfg = Debug|Any CPU
		{02583CFF-5586-4E59-9DAB-EFF9E705FC81}.Debug|Any CPU.Build.0 = Debug|Any CPU
		{02583CFF-5586-4E59-9DAB-EFF9E705FC81}.Release|Any CPU.ActiveCfg = Release|Any CPU
		{02583CFF-5586-4E59-9DAB-EFF9E705FC81}.Release|Any CPU.Build.0 = Release|Any CPU
		{85B0A7EA-3857-4EEE-9101-B332A104425B}.Debug|Any CPU.ActiveCfg = Debug|Any CPU
		{85B0A7EA-3857-4EEE-9101-B332A104425B}.Debug|Any CPU.Build.0 = Debug|Any CPU
		{85B0A7EA-3857-4EEE-9101-B332A104425B}.Release|Any CPU.ActiveCfg = Release|Any CPU
		{85B0A7EA-3857-4EEE-9101-B332A104425B}.Release|Any CPU.Build.0 = Release|Any CPU
		{02A69900-D2FA-473F-8D8C-2ABD77764A62}.Debug|Any CPU.ActiveCfg = Debug|Any CPU
		{02A69900-D2FA-473F-8D8C-2ABD77764A62}.Debug|Any CPU.Build.0 = Debug|Any CPU
		{02A69900-D2FA-473F-8D8C-2ABD77764A62}.Release|Any CPU.ActiveCfg = Release|Any CPU
		{02A69900-D2FA-473F-8D8C-2ABD77764A62}.Release|Any CPU.Build.0 = Release|Any CPU
		{A65AC6F4-9877-498E-9063-3EFEEF1ACB89}.Debug|Any CPU.ActiveCfg = Debug|Any CPU
		{A65AC6F4-9877-498E-9063-3EFEEF1ACB89}.Debug|Any CPU.Build.0 = Debug|Any CPU
		{A65AC6F4-9877-498E-9063-3EFEEF1ACB89}.Release|Any CPU.ActiveCfg = Release|Any CPU
		{A65AC6F4-9877-498E-9063-3EFEEF1ACB89}.Release|Any CPU.Build.0 = Release|Any CPU
		{9665D5D9-16CC-489C-8A8D-353EECECCEAC}.Debug|Any CPU.ActiveCfg = Debug|Any CPU
		{9665D5D9-16CC-489C-8A8D-353EECECCEAC}.Debug|Any CPU.Build.0 = Debug|Any CPU
		{9665D5D9-16CC-489C-8A8D-353EECECCEAC}.Release|Any CPU.ActiveCfg = Release|Any CPU
		{9665D5D9-16CC-489C-8A8D-353EECECCEAC}.Release|Any CPU.Build.0 = Release|Any CPU
		{A21EFFE3-F4DC-49AA-9912-6A724C79015A}.Debug|Any CPU.ActiveCfg = Debug|Any CPU
		{A21EFFE3-F4DC-49AA-9912-6A724C79015A}.Debug|Any CPU.Build.0 = Debug|Any CPU
		{A21EFFE3-F4DC-49AA-9912-6A724C79015A}.Release|Any CPU.ActiveCfg = Release|Any CPU
		{A21EFFE3-F4DC-49AA-9912-6A724C79015A}.Release|Any CPU.Build.0 = Release|Any CPU
		{3CCBE254-00DC-4EFC-B7A2-83BF6F9B1ACD}.Debug|Any CPU.ActiveCfg = Debug|Any CPU
		{3CCBE254-00DC-4EFC-B7A2-83BF6F9B1ACD}.Debug|Any CPU.Build.0 = Debug|Any CPU
		{3CCBE254-00DC-4EFC-B7A2-83BF6F9B1ACD}.Release|Any CPU.ActiveCfg = Release|Any CPU
		{3CCBE254-00DC-4EFC-B7A2-83BF6F9B1ACD}.Release|Any CPU.Build.0 = Release|Any CPU
	EndGlobalSection
	GlobalSection(SolutionProperties) = preSolution
		HideSolutionNode = FALSE
	EndGlobalSection
	GlobalSection(NestedProjects) = preSolution
		{2F394661-DF69-499D-BAEA-A7D4B682DF30} = {CAE09CE2-6869-4418-8423-E77793954994}
		{990D2A38-F642-42AE-81A5-F18AD4091634} = {CAE09CE2-6869-4418-8423-E77793954994}
		{13E258F1-1049-47DE-8430-ADC278D1064E} = {CAE09CE2-6869-4418-8423-E77793954994}
		{2E7B93A4-3E12-45D4-8B91-87E12E2727B5} = {CAE09CE2-6869-4418-8423-E77793954994}
		{102928CF-0CCA-43DE-BB15-507845D5658A} = {D9CFCF0F-3403-48DE-82FE-120FD0134021}
		{4149FCB5-56DE-4FA2-849B-EDE16CCA05F8} = {D9CFCF0F-3403-48DE-82FE-120FD0134021}
		{EA9820A0-14E5-4A39-A9F9-E6D5F6D33E60} = {D9CFCF0F-3403-48DE-82FE-120FD0134021}
		{82F24CA9-DC86-4A5C-BDF7-1B2468259008} = {CAE09CE2-6869-4418-8423-E77793954994}
		{4E2A6F54-148C-4F37-A07F-5AFF70EDDBE6} = {990D2A38-F642-42AE-81A5-F18AD4091634}
		{165F9042-2C48-48D8-9497-943BF4A5C2A5} = {990D2A38-F642-42AE-81A5-F18AD4091634}
		{8D17D5AA-2F85-4A5D-ADC4-65186869B1D8} = {990D2A38-F642-42AE-81A5-F18AD4091634}
		{FD9F80CB-D661-4AAA-9357-1FFA8AF2DC32} = {2F394661-DF69-499D-BAEA-A7D4B682DF30}
		{C81D0C92-3485-44A5-91D7-46B5E037BDA8} = {2F394661-DF69-499D-BAEA-A7D4B682DF30}
		{BE029E12-2DCD-4277-9A81-9BD7E5563B49} = {13E258F1-1049-47DE-8430-ADC278D1064E}
		{13CF4A1B-9318-425A-BF67-4D677F67E2C2} = {13E258F1-1049-47DE-8430-ADC278D1064E}
		{9F483E88-E05D-4C8B-B982-3481644E42A1} = {13E258F1-1049-47DE-8430-ADC278D1064E}
		{168F5D5C-137D-4245-9B15-1973634F5E9E} = {2E7B93A4-3E12-45D4-8B91-87E12E2727B5}
		{02583CFF-5586-4E59-9DAB-EFF9E705FC81} = {2E7B93A4-3E12-45D4-8B91-87E12E2727B5}
		{85B0A7EA-3857-4EEE-9101-B332A104425B} = {2E7B93A4-3E12-45D4-8B91-87E12E2727B5}
		{02A69900-D2FA-473F-8D8C-2ABD77764A62} = {2E7B93A4-3E12-45D4-8B91-87E12E2727B5}
		{A65AC6F4-9877-498E-9063-3EFEEF1ACB89} = {2E7B93A4-3E12-45D4-8B91-87E12E2727B5}
		{9665D5D9-16CC-489C-8A8D-353EECECCEAC} = {2E7B93A4-3E12-45D4-8B91-87E12E2727B5}
		{A21EFFE3-F4DC-49AA-9912-6A724C79015A} = {2F394661-DF69-499D-BAEA-A7D4B682DF30}
		{3CCBE254-00DC-4EFC-B7A2-83BF6F9B1ACD} = {2F394661-DF69-499D-BAEA-A7D4B682DF30}
	EndGlobalSection
	GlobalSection(ExtensibilityGlobals) = postSolution
		SolutionGuid = {B29EA683-8DC4-4D3C-ABA0-E6A044ACD6C2}
	EndGlobalSection
EndGlobal
