
Microsoft Visual Studio Solution File, Format Version 12.00
# Visual Studio Version 17
VisualStudioVersion = 17.8.34330.188
MinimumVisualStudioVersion = 10.0.40219.1
Project("{9A19103F-16F7-4668-BE54-9A1E7A4F7556}") = "ZZZZHomeWork", "HomeWork\ZZZZHomeWork.csproj", "{78BAC0B5-DF50-4694-B9C7-B3F1B4D339E2}"
EndProject
Project("{2150E333-8FDC-42A3-9474-1A3956D46DE8}") = "1._AspNetCore", "1._AspNetCore", "{CAE09CE2-6869-4418-8423-E77793954994}"
EndProject
Project("{2150E333-8FDC-42A3-9474-1A3956D46DE8}") = "0._Core", "0._Core", "{D9CFCF0F-3403-48DE-82FE-120FD0134021}"
EndProject
Project("{2150E333-8FDC-42A3-9474-1A3956D46DE8}") = "1.1_Basic", "1.1_Basic", "{2F394661-DF69-499D-BAEA-A7D4B682DF30}"
EndProject
Project("{2150E333-8FDC-42A3-9474-1A3956D46DE8}") = "1.2_DataPassingTechniques", "1.2_DataPassingTechniques", "{990D2A38-F642-42AE-81A5-F18AD4091634}"
EndProject
Project("{2150E333-8FDC-42A3-9474-1A3956D46DE8}") = "1.3_Routing", "1.3_Routing", "{13E258F1-1049-47DE-8430-ADC278D1064E}"
EndProject
Project("{2150E333-8FDC-42A3-9474-1A3956D46DE8}") = "1.4_Views", "1.4_Views", "{2E7B93A4-3E12-45D4-8B91-87E12E2727B5}"
EndProject
Project("{9A19103F-16F7-4668-BE54-9A1E7A4F7556}") = "Education", "0._Core\Education\Education.csproj", "{102928CF-0CCA-43DE-BB15-507845D5658A}"
EndProject
Project("{FAE04EC0-301F-11D3-BF4B-00C04F79EFBC}") = "Education48", "0._Core\Education48\Education48.csproj", "{4149FCB5-56DE-4FA2-849B-EDE16CCA05F8}"
EndProject
Project("{9A19103F-16F7-4668-BE54-9A1E7A4F7556}") = "EntityFrameworkCoreEducation", "0._Core\EntityFrameworkCoreEducation\EntityFrameworkCoreEducation.csproj", "{EA9820A0-14E5-4A39-A9F9-E6D5F6D33E60}"
EndProject
Project("{9A19103F-16F7-4668-BE54-9A1E7A4F7556}") = "A._AspNetCoreEmpty", "1._AspNetCore\1.1_Basic\AspNetCoreEmpty\A._AspNetCoreEmpty.csproj", "{1DE7C248-6964-4ECB-BAA6-5A3012E1F2C7}"
EndProject
Project("{9A19103F-16F7-4668-BE54-9A1E7A4F7556}") = "B._AspNetCoreMvc", "1._AspNetCore\1.1_Basic\AspNetCoreMvc\B._AspNetCoreMvc.csproj", "{CB971A1E-214E-4077-976D-9212E1D439FE}"
EndProject
Project("{9A19103F-16F7-4668-BE54-9A1E7A4F7556}") = "C._AspNetCoreMvc_ModelViewController", "1._AspNetCore\1.1_Basic\C._AspNetCoreMvc_ModelViewController\C._AspNetCoreMvc_ModelViewController.csproj", "{216FA1C8-08CF-4BF5-8787-AC3542A0A15F}"
EndProject
Project("{9A19103F-16F7-4668-BE54-9A1E7A4F7556}") = "D._AspNetCoreMvc_DI_LifeTime", "1._AspNetCore\1.1_Basic\D._AspNetCoreMvc_LifeTime\D._AspNetCoreMvc_DI_LifeTime.csproj", "{124DCD4D-D4C5-4773-98F1-76826FAC4094}"
EndProject
Project("{9A19103F-16F7-4668-BE54-9A1E7A4F7556}") = "1._AspNetCore_WebApp_Mvc_ViewData_ViewBag_StronglyTyped", "1._AspNetCore\1.2_DataPassingTechiques\1._AspNetCore_WebApp_Mvc_ViewData_ViewBag_StronglyTyped\1._AspNetCore_WebApp_Mvc_ViewData_ViewBag_StronglyTyped.csproj", "{D0EB326E-9B07-47F3-B7BF-91AF3BA1BCB5}"
EndProject
Project("{9A19103F-16F7-4668-BE54-9A1E7A4F7556}") = "2._AspNetCore_WebApp_Mvc_TempData", "1._AspNetCore\1.2_DataPassingTechiques\2._AspNetCore_WebApp_Mvc_TempData\2._AspNetCore_WebApp_Mvc_TempData.csproj", "{87E250AB-64E6-4E7E-AD73-A843C3B47E64}"
EndProject
Project("{9A19103F-16F7-4668-BE54-9A1E7A4F7556}") = "3._AspNetCore_WebApp_Mvc_PRG_Pattern", "1._AspNetCore\1.2_DataPassingTechiques\3._AspNetCore_WebApp_Mvc_PRG_Pattern\3._AspNetCore_WebApp_Mvc_PRG_Pattern.csproj", "{7902353B-09FE-423B-AC05-2851C124DEFD}"
EndProject
Project("{9A19103F-16F7-4668-BE54-9A1E7A4F7556}") = "1._AspNetCore_WebApp_Mvc_Default", "1._AspNetCore\1.3_Routing\1._AspNetCore_WebApp_Mvc_Default\1._AspNetCore_WebApp_Mvc_Default.csproj", "{D14057D8-9C59-41B7-BAD8-11F6824A8B05}"
EndProject
Project("{9A19103F-16F7-4668-BE54-9A1E7A4F7556}") = "2._AspNetCore_WebApp_Mvc_CustomRouteConstraints", "1._AspNetCore\1.3_Routing\2._AspNetCore_WebApp_Mvc_CustomRouteConstraints\2._AspNetCore_WebApp_Mvc_CustomRouteConstraints.csproj", "{0C80E3FA-E626-4486-A110-0D0209547B85}"
EndProject
Project("{9A19103F-16F7-4668-BE54-9A1E7A4F7556}") = "3._AspNetCore_WebApp_Mvc_Attribute", "1._AspNetCore\1.3_Routing\3._AspNetCore_WebApp_Mvc_Attribute\3._AspNetCore_WebApp_Mvc_Attribute.csproj", "{36EA3AF4-DC24-4883-A3D3-46C98A909B93}"
EndProject
Project("{FAE04EC0-301F-11D3-BF4B-00C04F79EFBC}") = "1._AspNetCore_WebApp_LayoutView_Section", "1._AspNetCore_WebApp_LayoutView_Section\1._AspNetCore_WebApp_LayoutView_Section.csproj", "{9533A032-EE8A-4A16-9E46-21CEC1817204}"
EndProject
Global
	GlobalSection(SolutionConfigurationPlatforms) = preSolution
		Debug|Any CPU = Debug|Any CPU
		Release|Any CPU = Release|Any CPU
	EndGlobalSection
	GlobalSection(ProjectConfigurationPlatforms) = postSolution
		{78BAC0B5-DF50-4694-B9C7-B3F1B4D339E2}.Debug|Any CPU.ActiveCfg = Debug|Any CPU
		{78BAC0B5-DF50-4694-B9C7-B3F1B4D339E2}.Debug|Any CPU.Build.0 = Debug|Any CPU
		{78BAC0B5-DF50-4694-B9C7-B3F1B4D339E2}.Release|Any CPU.ActiveCfg = Release|Any CPU
		{78BAC0B5-DF50-4694-B9C7-B3F1B4D339E2}.Release|Any CPU.Build.0 = Release|Any CPU
		{102928CF-0CCA-43DE-BB15-507845D5658A}.Debug|Any CPU.ActiveCfg = Debug|Any CPU
		{102928CF-0CCA-43DE-BB15-507845D5658A}.Debug|Any CPU.Build.0 = Debug|Any CPU
		{102928CF-0CCA-43DE-BB15-507845D5658A}.Release|Any CPU.ActiveCfg = Release|Any CPU
		{102928CF-0CCA-43DE-BB15-507845D5658A}.Release|Any CPU.Build.0 = Release|Any CPU
		{4149FCB5-56DE-4FA2-849B-EDE16CCA05F8}.Debug|Any CPU.ActiveCfg = Debug|Any CPU
		{4149FCB5-56DE-4FA2-849B-EDE16CCA05F8}.Debug|Any CPU.Build.0 = Debug|Any CPU
		{4149FCB5-56DE-4FA2-849B-EDE16CCA05F8}.Release|Any CPU.ActiveCfg = Release|Any CPU
		{4149FCB5-56DE-4FA2-849B-EDE16CCA05F8}.Release|Any CPU.Build.0 = Release|Any CPU
		{EA9820A0-14E5-4A39-A9F9-E6D5F6D33E60}.Debug|Any CPU.ActiveCfg = Debug|Any CPU
		{EA9820A0-14E5-4A39-A9F9-E6D5F6D33E60}.Debug|Any CPU.Build.0 = Debug|Any CPU
		{EA9820A0-14E5-4A39-A9F9-E6D5F6D33E60}.Release|Any CPU.ActiveCfg = Release|Any CPU
		{EA9820A0-14E5-4A39-A9F9-E6D5F6D33E60}.Release|Any CPU.Build.0 = Release|Any CPU
		{1DE7C248-6964-4ECB-BAA6-5A3012E1F2C7}.Debug|Any CPU.ActiveCfg = Debug|Any CPU
		{1DE7C248-6964-4ECB-BAA6-5A3012E1F2C7}.Debug|Any CPU.Build.0 = Debug|Any CPU
		{1DE7C248-6964-4ECB-BAA6-5A3012E1F2C7}.Release|Any CPU.ActiveCfg = Release|Any CPU
		{1DE7C248-6964-4ECB-BAA6-5A3012E1F2C7}.Release|Any CPU.Build.0 = Release|Any CPU
		{CB971A1E-214E-4077-976D-9212E1D439FE}.Debug|Any CPU.ActiveCfg = Debug|Any CPU
		{CB971A1E-214E-4077-976D-9212E1D439FE}.Debug|Any CPU.Build.0 = Debug|Any CPU
		{CB971A1E-214E-4077-976D-9212E1D439FE}.Release|Any CPU.ActiveCfg = Release|Any CPU
		{CB971A1E-214E-4077-976D-9212E1D439FE}.Release|Any CPU.Build.0 = Release|Any CPU
		{216FA1C8-08CF-4BF5-8787-AC3542A0A15F}.Debug|Any CPU.ActiveCfg = Debug|Any CPU
		{216FA1C8-08CF-4BF5-8787-AC3542A0A15F}.Debug|Any CPU.Build.0 = Debug|Any CPU
		{216FA1C8-08CF-4BF5-8787-AC3542A0A15F}.Release|Any CPU.ActiveCfg = Release|Any CPU
		{216FA1C8-08CF-4BF5-8787-AC3542A0A15F}.Release|Any CPU.Build.0 = Release|Any CPU
		{124DCD4D-D4C5-4773-98F1-76826FAC4094}.Debug|Any CPU.ActiveCfg = Debug|Any CPU
		{124DCD4D-D4C5-4773-98F1-76826FAC4094}.Debug|Any CPU.Build.0 = Debug|Any CPU
		{124DCD4D-D4C5-4773-98F1-76826FAC4094}.Release|Any CPU.ActiveCfg = Release|Any CPU
		{124DCD4D-D4C5-4773-98F1-76826FAC4094}.Release|Any CPU.Build.0 = Release|Any CPU
		{D0EB326E-9B07-47F3-B7BF-91AF3BA1BCB5}.Debug|Any CPU.ActiveCfg = Debug|Any CPU
		{D0EB326E-9B07-47F3-B7BF-91AF3BA1BCB5}.Debug|Any CPU.Build.0 = Debug|Any CPU
		{D0EB326E-9B07-47F3-B7BF-91AF3BA1BCB5}.Release|Any CPU.ActiveCfg = Release|Any CPU
		{D0EB326E-9B07-47F3-B7BF-91AF3BA1BCB5}.Release|Any CPU.Build.0 = Release|Any CPU
		{87E250AB-64E6-4E7E-AD73-A843C3B47E64}.Debug|Any CPU.ActiveCfg = Debug|Any CPU
		{87E250AB-64E6-4E7E-AD73-A843C3B47E64}.Debug|Any CPU.Build.0 = Debug|Any CPU
		{87E250AB-64E6-4E7E-AD73-A843C3B47E64}.Release|Any CPU.ActiveCfg = Release|Any CPU
		{87E250AB-64E6-4E7E-AD73-A843C3B47E64}.Release|Any CPU.Build.0 = Release|Any CPU
		{7902353B-09FE-423B-AC05-2851C124DEFD}.Debug|Any CPU.ActiveCfg = Debug|Any CPU
		{7902353B-09FE-423B-AC05-2851C124DEFD}.Debug|Any CPU.Build.0 = Debug|Any CPU
		{7902353B-09FE-423B-AC05-2851C124DEFD}.Release|Any CPU.ActiveCfg = Release|Any CPU
		{7902353B-09FE-423B-AC05-2851C124DEFD}.Release|Any CPU.Build.0 = Release|Any CPU
		{D14057D8-9C59-41B7-BAD8-11F6824A8B05}.Debug|Any CPU.ActiveCfg = Debug|Any CPU
		{D14057D8-9C59-41B7-BAD8-11F6824A8B05}.Debug|Any CPU.Build.0 = Debug|Any CPU
		{D14057D8-9C59-41B7-BAD8-11F6824A8B05}.Release|Any CPU.ActiveCfg = Release|Any CPU
		{D14057D8-9C59-41B7-BAD8-11F6824A8B05}.Release|Any CPU.Build.0 = Release|Any CPU
		{0C80E3FA-E626-4486-A110-0D0209547B85}.Debug|Any CPU.ActiveCfg = Debug|Any CPU
		{0C80E3FA-E626-4486-A110-0D0209547B85}.Debug|Any CPU.Build.0 = Debug|Any CPU
		{0C80E3FA-E626-4486-A110-0D0209547B85}.Release|Any CPU.ActiveCfg = Release|Any CPU
		{0C80E3FA-E626-4486-A110-0D0209547B85}.Release|Any CPU.Build.0 = Release|Any CPU
		{36EA3AF4-DC24-4883-A3D3-46C98A909B93}.Debug|Any CPU.ActiveCfg = Debug|Any CPU
		{36EA3AF4-DC24-4883-A3D3-46C98A909B93}.Debug|Any CPU.Build.0 = Debug|Any CPU
		{36EA3AF4-DC24-4883-A3D3-46C98A909B93}.Release|Any CPU.ActiveCfg = Release|Any CPU
		{36EA3AF4-DC24-4883-A3D3-46C98A909B93}.Release|Any CPU.Build.0 = Release|Any CPU
		{9533A032-EE8A-4A16-9E46-21CEC1817204}.Debug|Any CPU.ActiveCfg = Debug|Any CPU
		{9533A032-EE8A-4A16-9E46-21CEC1817204}.Debug|Any CPU.Build.0 = Debug|Any CPU
		{9533A032-EE8A-4A16-9E46-21CEC1817204}.Release|Any CPU.ActiveCfg = Release|Any CPU
		{9533A032-EE8A-4A16-9E46-21CEC1817204}.Release|Any CPU.Build.0 = Release|Any CPU
	EndGlobalSection
	GlobalSection(SolutionProperties) = preSolution
		HideSolutionNode = FALSE
	EndGlobalSection
	GlobalSection(NestedProjects) = preSolution
		{2F394661-DF69-499D-BAEA-A7D4B682DF30} = {CAE09CE2-6869-4418-8423-E77793954994}
		{990D2A38-F642-42AE-81A5-F18AD4091634} = {CAE09CE2-6869-4418-8423-E77793954994}
		{13E258F1-1049-47DE-8430-ADC278D1064E} = {CAE09CE2-6869-4418-8423-E77793954994}
		{2E7B93A4-3E12-45D4-8B91-87E12E2727B5} = {CAE09CE2-6869-4418-8423-E77793954994}
		{102928CF-0CCA-43DE-BB15-507845D5658A} = {D9CFCF0F-3403-48DE-82FE-120FD0134021}
		{4149FCB5-56DE-4FA2-849B-EDE16CCA05F8} = {D9CFCF0F-3403-48DE-82FE-120FD0134021}
		{EA9820A0-14E5-4A39-A9F9-E6D5F6D33E60} = {D9CFCF0F-3403-48DE-82FE-120FD0134021}
		{1DE7C248-6964-4ECB-BAA6-5A3012E1F2C7} = {2F394661-DF69-499D-BAEA-A7D4B682DF30}
		{CB971A1E-214E-4077-976D-9212E1D439FE} = {2F394661-DF69-499D-BAEA-A7D4B682DF30}
		{216FA1C8-08CF-4BF5-8787-AC3542A0A15F} = {2F394661-DF69-499D-BAEA-A7D4B682DF30}
		{124DCD4D-D4C5-4773-98F1-76826FAC4094} = {2F394661-DF69-499D-BAEA-A7D4B682DF30}
		{D0EB326E-9B07-47F3-B7BF-91AF3BA1BCB5} = {990D2A38-F642-42AE-81A5-F18AD4091634}
		{87E250AB-64E6-4E7E-AD73-A843C3B47E64} = {990D2A38-F642-42AE-81A5-F18AD4091634}
		{7902353B-09FE-423B-AC05-2851C124DEFD} = {990D2A38-F642-42AE-81A5-F18AD4091634}
		{D14057D8-9C59-41B7-BAD8-11F6824A8B05} = {13E258F1-1049-47DE-8430-ADC278D1064E}
		{0C80E3FA-E626-4486-A110-0D0209547B85} = {13E258F1-1049-47DE-8430-ADC278D1064E}
		{36EA3AF4-DC24-4883-A3D3-46C98A909B93} = {13E258F1-1049-47DE-8430-ADC278D1064E}
		{9533A032-EE8A-4A16-9E46-21CEC1817204} = {2E7B93A4-3E12-45D4-8B91-87E12E2727B5}
	EndGlobalSection
	GlobalSection(ExtensibilityGlobals) = postSolution
		SolutionGuid = {B29EA683-8DC4-4D3C-ABA0-E6A044ACD6C2}
	EndGlobalSection
EndGlobal
