
Microsoft Visual Studio Solution File, Format Version 12.00
# Visual Studio Version 17
VisualStudioVersion = 17.8.34330.188
MinimumVisualStudioVersion = 10.0.40219.1
Project("{9A19103F-16F7-4668-BE54-9A1E7A4F7556}") = "Education", "Education\Education.csproj", "{A2538626-DBE8-46C0-8187-CDD446C9C32B}"
EndProject
Project("{FAE04EC0-301F-11D3-BF4B-00C04F79EFBC}") = "Education48", "Education48\Education48.csproj", "{4C0DA278-5A2B-48C2-81BA-89C90DEE174E}"
EndProject
Project("{9A19103F-16F7-4668-BE54-9A1E7A4F7556}") = "EntityFrameworkCoreEducation", "EntityFrameworkCoreEducation\EntityFrameworkCoreEducation.csproj", "{F7B35563-A964-46FC-90B9-C61393C7244A}"
EndProject
Project("{9A19103F-16F7-4668-BE54-9A1E7A4F7556}") = "A._AspNetCoreEmpty", "EducationAspNetCoreEmpty\A._AspNetCoreEmpty.csproj", "{B34140E0-0711-4C40-B52D-20AD48298179}"
EndProject
Project("{9A19103F-16F7-4668-BE54-9A1E7A4F7556}") = "ZZZZHomeWork", "HomeWork\ZZZZHomeWork.csproj", "{78BAC0B5-DF50-4694-B9C7-B3F1B4D339E2}"
EndProject
Project("{2150E333-8FDC-42A3-9474-1A3956D46DE8}") = "1._AspNetCore", "1._AspNetCore", "{CAE09CE2-6869-4418-8423-E77793954994}"
EndProject
Project("{2150E333-8FDC-42A3-9474-1A3956D46DE8}") = "0._Core", "0._Core", "{D9CFCF0F-3403-48DE-82FE-120FD0134021}"
EndProject
Project("{2150E333-8FDC-42A3-9474-1A3956D46DE8}") = "1.1_Basic", "1.1_Basic", "{2F394661-DF69-499D-BAEA-A7D4B682DF30}"
EndProject
Project("{9A19103F-16F7-4668-BE54-9A1E7A4F7556}") = "B._AspNetCoreMvc", "AspNetCoreMvc\B._AspNetCoreMvc.csproj", "{949335E5-D7B5-444A-B2F7-0CD978EFED44}"
EndProject
Project("{9A19103F-16F7-4668-BE54-9A1E7A4F7556}") = "C._AspNetCoreMvc_ModelViewController", "C._AspNetCoreMvc_Controller\C._AspNetCoreMvc_ModelViewController.csproj", "{755ED0A9-C6A5-4B2B-82D3-7CF64735CAD0}"
EndProject
Project("{9A19103F-16F7-4668-BE54-9A1E7A4F7556}") = "D._AspNetCoreMvc_DI_LifeTime", "D._AspNetCoreMvc_LifeTime\D._AspNetCoreMvc_DI_LifeTime.csproj", "{24F9135F-A6C2-4E78-97D5-2C14770BD204}"
EndProject
Project("{2150E333-8FDC-42A3-9474-1A3956D46DE8}") = "1.2_DataPassingTechniques", "1.2_DataPassingTechniques", "{990D2A38-F642-42AE-81A5-F18AD4091634}"
EndProject
Project("{9A19103F-16F7-4668-BE54-9A1E7A4F7556}") = "1._AspNetCore_WebApp_Mvc_ViewData_ViewBag_StronglyTyped", "AspNetCore_WebApp_Mvc_ViewData\1._AspNetCore_WebApp_Mvc_ViewData_ViewBag_StronglyTyped.csproj", "{382EE777-661D-4340-A64A-345B4F4D9A57}"
EndProject
Project("{9A19103F-16F7-4668-BE54-9A1E7A4F7556}") = "2._AspNetCore_WebApp_Mvc_TempData", "AspNetCore_WebApp_Mvc_TempData\2._AspNetCore_WebApp_Mvc_TempData.csproj", "{7BD9180D-CF61-461E-A1A6-146BA5BE97BD}"
EndProject
Project("{9A19103F-16F7-4668-BE54-9A1E7A4F7556}") = "3._AspNetCore_WebApp_Mvc_PRG_Pattern", "AspNetCore_WebApp_Mvc_PRG_Pattern\3._AspNetCore_WebApp_Mvc_PRG_Pattern.csproj", "{189AA001-5E83-4FAB-980F-6DE983443B0F}"
EndProject
Project("{2150E333-8FDC-42A3-9474-1A3956D46DE8}") = "1.3_Routing", "1.3_Routing", "{13E258F1-1049-47DE-8430-ADC278D1064E}"
EndProject
Project("{9A19103F-16F7-4668-BE54-9A1E7A4F7556}") = "1._AspNetCore_WebApp_Mvc_Default", "AspNetCore_WebApp_Mvc_Default\1._AspNetCore_WebApp_Mvc_Default.csproj", "{8C9D1087-39E8-4CDB-AAEE-D85CD65D033B}"
EndProject
Project("{9A19103F-16F7-4668-BE54-9A1E7A4F7556}") = "2._AspNetCore_WebApp_Mvc_CustomRouteConstraints", "AspNetCore_WebApp_Mvc_CustomRouteConstraints\2._AspNetCore_WebApp_Mvc_CustomRouteConstraints.csproj", "{DBB4E425-023F-4958-8A6F-9216C468C652}"
EndProject
Project("{9A19103F-16F7-4668-BE54-9A1E7A4F7556}") = "3._AspNetCore_WebApp_Mvc_Attribute", "AspNetCore_WebApp_Mvc_Attribute\3._AspNetCore_WebApp_Mvc_Attribute.csproj", "{4AB7915D-EB7D-433A-9D79-E04F04EEDF00}"
EndProject
Project("{2150E333-8FDC-42A3-9474-1A3956D46DE8}") = "1.4_Views", "1.4_Views", "{2E7B93A4-3E12-45D4-8B91-87E12E2727B5}"
EndProject
Global
	GlobalSection(SolutionConfigurationPlatforms) = preSolution
		Debug|Any CPU = Debug|Any CPU
		Release|Any CPU = Release|Any CPU
	EndGlobalSection
	GlobalSection(ProjectConfigurationPlatforms) = postSolution
		{A2538626-DBE8-46C0-8187-CDD446C9C32B}.Debug|Any CPU.ActiveCfg = Debug|Any CPU
		{A2538626-DBE8-46C0-8187-CDD446C9C32B}.Debug|Any CPU.Build.0 = Debug|Any CPU
		{A2538626-DBE8-46C0-8187-CDD446C9C32B}.Release|Any CPU.ActiveCfg = Release|Any CPU
		{A2538626-DBE8-46C0-8187-CDD446C9C32B}.Release|Any CPU.Build.0 = Release|Any CPU
		{4C0DA278-5A2B-48C2-81BA-89C90DEE174E}.Debug|Any CPU.ActiveCfg = Debug|Any CPU
		{4C0DA278-5A2B-48C2-81BA-89C90DEE174E}.Debug|Any CPU.Build.0 = Debug|Any CPU
		{4C0DA278-5A2B-48C2-81BA-89C90DEE174E}.Release|Any CPU.ActiveCfg = Release|Any CPU
		{4C0DA278-5A2B-48C2-81BA-89C90DEE174E}.Release|Any CPU.Build.0 = Release|Any CPU
		{F7B35563-A964-46FC-90B9-C61393C7244A}.Debug|Any CPU.ActiveCfg = Debug|Any CPU
		{F7B35563-A964-46FC-90B9-C61393C7244A}.Debug|Any CPU.Build.0 = Debug|Any CPU
		{F7B35563-A964-46FC-90B9-C61393C7244A}.Release|Any CPU.ActiveCfg = Release|Any CPU
		{F7B35563-A964-46FC-90B9-C61393C7244A}.Release|Any CPU.Build.0 = Release|Any CPU
		{B34140E0-0711-4C40-B52D-20AD48298179}.Debug|Any CPU.ActiveCfg = Debug|Any CPU
		{B34140E0-0711-4C40-B52D-20AD48298179}.Debug|Any CPU.Build.0 = Debug|Any CPU
		{B34140E0-0711-4C40-B52D-20AD48298179}.Release|Any CPU.ActiveCfg = Release|Any CPU
		{B34140E0-0711-4C40-B52D-20AD48298179}.Release|Any CPU.Build.0 = Release|Any CPU
		{78BAC0B5-DF50-4694-B9C7-B3F1B4D339E2}.Debug|Any CPU.ActiveCfg = Debug|Any CPU
		{78BAC0B5-DF50-4694-B9C7-B3F1B4D339E2}.Debug|Any CPU.Build.0 = Debug|Any CPU
		{78BAC0B5-DF50-4694-B9C7-B3F1B4D339E2}.Release|Any CPU.ActiveCfg = Release|Any CPU
		{78BAC0B5-DF50-4694-B9C7-B3F1B4D339E2}.Release|Any CPU.Build.0 = Release|Any CPU
		{949335E5-D7B5-444A-B2F7-0CD978EFED44}.Debug|Any CPU.ActiveCfg = Debug|Any CPU
		{949335E5-D7B5-444A-B2F7-0CD978EFED44}.Debug|Any CPU.Build.0 = Debug|Any CPU
		{949335E5-D7B5-444A-B2F7-0CD978EFED44}.Release|Any CPU.ActiveCfg = Release|Any CPU
		{949335E5-D7B5-444A-B2F7-0CD978EFED44}.Release|Any CPU.Build.0 = Release|Any CPU
		{755ED0A9-C6A5-4B2B-82D3-7CF64735CAD0}.Debug|Any CPU.ActiveCfg = Debug|Any CPU
		{755ED0A9-C6A5-4B2B-82D3-7CF64735CAD0}.Debug|Any CPU.Build.0 = Debug|Any CPU
		{755ED0A9-C6A5-4B2B-82D3-7CF64735CAD0}.Release|Any CPU.ActiveCfg = Release|Any CPU
		{755ED0A9-C6A5-4B2B-82D3-7CF64735CAD0}.Release|Any CPU.Build.0 = Release|Any CPU
		{24F9135F-A6C2-4E78-97D5-2C14770BD204}.Debug|Any CPU.ActiveCfg = Debug|Any CPU
		{24F9135F-A6C2-4E78-97D5-2C14770BD204}.Debug|Any CPU.Build.0 = Debug|Any CPU
		{24F9135F-A6C2-4E78-97D5-2C14770BD204}.Release|Any CPU.ActiveCfg = Release|Any CPU
		{24F9135F-A6C2-4E78-97D5-2C14770BD204}.Release|Any CPU.Build.0 = Release|Any CPU
		{382EE777-661D-4340-A64A-345B4F4D9A57}.Debug|Any CPU.ActiveCfg = Debug|Any CPU
		{382EE777-661D-4340-A64A-345B4F4D9A57}.Debug|Any CPU.Build.0 = Debug|Any CPU
		{382EE777-661D-4340-A64A-345B4F4D9A57}.Release|Any CPU.ActiveCfg = Release|Any CPU
		{382EE777-661D-4340-A64A-345B4F4D9A57}.Release|Any CPU.Build.0 = Release|Any CPU
		{7BD9180D-CF61-461E-A1A6-146BA5BE97BD}.Debug|Any CPU.ActiveCfg = Debug|Any CPU
		{7BD9180D-CF61-461E-A1A6-146BA5BE97BD}.Debug|Any CPU.Build.0 = Debug|Any CPU
		{7BD9180D-CF61-461E-A1A6-146BA5BE97BD}.Release|Any CPU.ActiveCfg = Release|Any CPU
		{7BD9180D-CF61-461E-A1A6-146BA5BE97BD}.Release|Any CPU.Build.0 = Release|Any CPU
		{189AA001-5E83-4FAB-980F-6DE983443B0F}.Debug|Any CPU.ActiveCfg = Debug|Any CPU
		{189AA001-5E83-4FAB-980F-6DE983443B0F}.Debug|Any CPU.Build.0 = Debug|Any CPU
		{189AA001-5E83-4FAB-980F-6DE983443B0F}.Release|Any CPU.ActiveCfg = Release|Any CPU
		{189AA001-5E83-4FAB-980F-6DE983443B0F}.Release|Any CPU.Build.0 = Release|Any CPU
		{8C9D1087-39E8-4CDB-AAEE-D85CD65D033B}.Debug|Any CPU.ActiveCfg = Debug|Any CPU
		{8C9D1087-39E8-4CDB-AAEE-D85CD65D033B}.Debug|Any CPU.Build.0 = Debug|Any CPU
		{8C9D1087-39E8-4CDB-AAEE-D85CD65D033B}.Release|Any CPU.ActiveCfg = Release|Any CPU
		{8C9D1087-39E8-4CDB-AAEE-D85CD65D033B}.Release|Any CPU.Build.0 = Release|Any CPU
		{DBB4E425-023F-4958-8A6F-9216C468C652}.Debug|Any CPU.ActiveCfg = Debug|Any CPU
		{DBB4E425-023F-4958-8A6F-9216C468C652}.Debug|Any CPU.Build.0 = Debug|Any CPU
		{DBB4E425-023F-4958-8A6F-9216C468C652}.Release|Any CPU.ActiveCfg = Release|Any CPU
		{DBB4E425-023F-4958-8A6F-9216C468C652}.Release|Any CPU.Build.0 = Release|Any CPU
		{4AB7915D-EB7D-433A-9D79-E04F04EEDF00}.Debug|Any CPU.ActiveCfg = Debug|Any CPU
		{4AB7915D-EB7D-433A-9D79-E04F04EEDF00}.Debug|Any CPU.Build.0 = Debug|Any CPU
		{4AB7915D-EB7D-433A-9D79-E04F04EEDF00}.Release|Any CPU.ActiveCfg = Release|Any CPU
		{4AB7915D-EB7D-433A-9D79-E04F04EEDF00}.Release|Any CPU.Build.0 = Release|Any CPU
	EndGlobalSection
	GlobalSection(SolutionProperties) = preSolution
		HideSolutionNode = FALSE
	EndGlobalSection
	GlobalSection(NestedProjects) = preSolution
		{A2538626-DBE8-46C0-8187-CDD446C9C32B} = {D9CFCF0F-3403-48DE-82FE-120FD0134021}
		{4C0DA278-5A2B-48C2-81BA-89C90DEE174E} = {D9CFCF0F-3403-48DE-82FE-120FD0134021}
		{F7B35563-A964-46FC-90B9-C61393C7244A} = {D9CFCF0F-3403-48DE-82FE-120FD0134021}
		{B34140E0-0711-4C40-B52D-20AD48298179} = {2F394661-DF69-499D-BAEA-A7D4B682DF30}
		{2F394661-DF69-499D-BAEA-A7D4B682DF30} = {CAE09CE2-6869-4418-8423-E77793954994}
		{949335E5-D7B5-444A-B2F7-0CD978EFED44} = {2F394661-DF69-499D-BAEA-A7D4B682DF30}
		{755ED0A9-C6A5-4B2B-82D3-7CF64735CAD0} = {2F394661-DF69-499D-BAEA-A7D4B682DF30}
		{24F9135F-A6C2-4E78-97D5-2C14770BD204} = {2F394661-DF69-499D-BAEA-A7D4B682DF30}
		{990D2A38-F642-42AE-81A5-F18AD4091634} = {CAE09CE2-6869-4418-8423-E77793954994}
		{382EE777-661D-4340-A64A-345B4F4D9A57} = {990D2A38-F642-42AE-81A5-F18AD4091634}
		{7BD9180D-CF61-461E-A1A6-146BA5BE97BD} = {990D2A38-F642-42AE-81A5-F18AD4091634}
		{189AA001-5E83-4FAB-980F-6DE983443B0F} = {990D2A38-F642-42AE-81A5-F18AD4091634}
		{13E258F1-1049-47DE-8430-ADC278D1064E} = {CAE09CE2-6869-4418-8423-E77793954994}
		{8C9D1087-39E8-4CDB-AAEE-D85CD65D033B} = {13E258F1-1049-47DE-8430-ADC278D1064E}
		{DBB4E425-023F-4958-8A6F-9216C468C652} = {13E258F1-1049-47DE-8430-ADC278D1064E}
		{4AB7915D-EB7D-433A-9D79-E04F04EEDF00} = {13E258F1-1049-47DE-8430-ADC278D1064E}
		{2E7B93A4-3E12-45D4-8B91-87E12E2727B5} = {CAE09CE2-6869-4418-8423-E77793954994}
	EndGlobalSection
	GlobalSection(ExtensibilityGlobals) = postSolution
		SolutionGuid = {B29EA683-8DC4-4D3C-ABA0-E6A044ACD6C2}
	EndGlobalSection
EndGlobal
